
Microsoft Visual Studio Solution File, Format Version 12.00
# Visual Studio 15
VisualStudioVersion = 15.0.28307.645
MinimumVisualStudioVersion = 10.0.40219.1
Project("{2150E333-8FDC-42A3-9474-1A3956D46DE8}") = "MsBuild", "MsBuild", "{1EDF017C-921D-450A-91E7-3CB3CC97450B}"
EndProject
Project("{2150E333-8FDC-42A3-9474-1A3956D46DE8}") = "Microsoft.Common.targets", "Microsoft.Common.targets", "{170B5B87-4CF3-4427-A57A-097895602D86}"
EndProject
Project("{2150E333-8FDC-42A3-9474-1A3956D46DE8}") = "ImportAfter", "ImportAfter", "{A9239285-B26E-4DB7-9C16-4FC029E96153}"
	ProjectSection(SolutionItems) = preProject
		MsBuild\Microsoft.Common.targets\ImportAfter\Vitevic.AssemblyEmbedder.targets = MsBuild\Microsoft.Common.targets\ImportAfter\Vitevic.AssemblyEmbedder.targets
	EndProjectSection
EndProject
Project("{FAE04EC0-301F-11D3-BF4B-00C04F79EFBC}") = "Vitevic.AssemblyEmbedder", "Vitevic.AssemblyEmbedder\Vitevic.AssemblyEmbedder.csproj", "{3C4D92E6-50D5-4912-BE0B-7FBD91B8BBE7}"
EndProject
Project("{FAE04EC0-301F-11D3-BF4B-00C04F79EFBC}") = "Vitevic.Foundation", "Vitevic.Foundation\Vitevic.Foundation.csproj", "{E2734411-C68E-4AB2-B6A3-24F7FF9B3FEB}"
EndProject
Project("{FAE04EC0-301F-11D3-BF4B-00C04F79EFBC}") = "Vitevic.Vsx", "Vitevic.Vsx\Vitevic.Vsx.csproj", "{6A097B7C-7386-4DB4-9845-1830CFFE1085}"
EndProject
Project("{FAE04EC0-301F-11D3-BF4B-00C04F79EFBC}") = "Vitevic.AssemblyEmbedder.MsBuild", "MsBuild\Vitevic.AssemblyEmbedder.MsBuild\Vitevic.AssemblyEmbedder.MsBuild.csproj", "{B519EB62-68E5-468F-BC4D-C52B824440CF}"
EndProject
Project("{930C7802-8A8C-48F9-8165-68863BCCD9DD}") = "Vitevic.AssemblyEmbedder.Setup", "Vitevic.AssemblyEmbedder.Setup\Vitevic.AssemblyEmbedder.Setup.wixproj", "{724EFD01-DAC2-43DB-91FE-11129726632A}"
	ProjectSection(ProjectDependencies) = postProject
		{E2734411-C68E-4AB2-B6A3-24F7FF9B3FEB} = {E2734411-C68E-4AB2-B6A3-24F7FF9B3FEB}
		{6A097B7C-7386-4DB4-9845-1830CFFE1085} = {6A097B7C-7386-4DB4-9845-1830CFFE1085}
		{3C4D92E6-50D5-4912-BE0B-7FBD91B8BBE7} = {3C4D92E6-50D5-4912-BE0B-7FBD91B8BBE7}
	EndProjectSection
EndProject
Project("{FAE04EC0-301F-11D3-BF4B-00C04F79EFBC}") = "Vitevic.AssemblyEmbedder.InjectTest", "Vitevic.AssemblyEmbedder.InjectTest\Vitevic.AssemblyEmbedder.InjectTest.csproj", "{58BF2286-4B0B-405A-A426-7F2019B2716F}"
EndProject
Global
	GlobalSection(SolutionConfigurationPlatforms) = preSolution
		Debug|Mixed Platforms = Debug|Mixed Platforms
		Release|Mixed Platforms = Release|Mixed Platforms
	EndGlobalSection
	GlobalSection(ProjectConfigurationPlatforms) = postSolution
		{3C4D92E6-50D5-4912-BE0B-7FBD91B8BBE7}.Debug|Mixed Platforms.ActiveCfg = Debug|x86
		{3C4D92E6-50D5-4912-BE0B-7FBD91B8BBE7}.Debug|Mixed Platforms.Build.0 = Debug|x86
		{3C4D92E6-50D5-4912-BE0B-7FBD91B8BBE7}.Release|Mixed Platforms.ActiveCfg = Release|x86
		{3C4D92E6-50D5-4912-BE0B-7FBD91B8BBE7}.Release|Mixed Platforms.Build.0 = Release|x86
		{E2734411-C68E-4AB2-B6A3-24F7FF9B3FEB}.Debug|Mixed Platforms.ActiveCfg = Debug|x86
		{E2734411-C68E-4AB2-B6A3-24F7FF9B3FEB}.Debug|Mixed Platforms.Build.0 = Debug|x86
		{E2734411-C68E-4AB2-B6A3-24F7FF9B3FEB}.Release|Mixed Platforms.ActiveCfg = Release|x86
		{E2734411-C68E-4AB2-B6A3-24F7FF9B3FEB}.Release|Mixed Platforms.Build.0 = Release|x86
		{6A097B7C-7386-4DB4-9845-1830CFFE1085}.Debug|Mixed Platforms.ActiveCfg = Debug|x86
		{6A097B7C-7386-4DB4-9845-1830CFFE1085}.Debug|Mixed Platforms.Build.0 = Debug|x86
		{6A097B7C-7386-4DB4-9845-1830CFFE1085}.Release|Mixed Platforms.ActiveCfg = Release|x86
		{6A097B7C-7386-4DB4-9845-1830CFFE1085}.Release|Mixed Platforms.Build.0 = Release|x86
		{B519EB62-68E5-468F-BC4D-C52B824440CF}.Debug|Mixed Platforms.ActiveCfg = Debug|Any CPU
		{B519EB62-68E5-468F-BC4D-C52B824440CF}.Debug|Mixed Platforms.Build.0 = Debug|Any CPU
		{B519EB62-68E5-468F-BC4D-C52B824440CF}.Release|Mixed Platforms.ActiveCfg = Release|Any CPU
		{B519EB62-68E5-468F-BC4D-C52B824440CF}.Release|Mixed Platforms.Build.0 = Release|Any CPU
		{724EFD01-DAC2-43DB-91FE-11129726632A}.Debug|Mixed Platforms.ActiveCfg = Debug|x86
		{724EFD01-DAC2-43DB-91FE-11129726632A}.Debug|Mixed Platforms.Build.0 = Debug|x86
		{724EFD01-DAC2-43DB-91FE-11129726632A}.Release|Mixed Platforms.ActiveCfg = Release|x86
		{724EFD01-DAC2-43DB-91FE-11129726632A}.Release|Mixed Platforms.Build.0 = Release|x86
		{58BF2286-4B0B-405A-A426-7F2019B2716F}.Debug|Mixed Platforms.ActiveCfg = Debug|x86
		{58BF2286-4B0B-405A-A426-7F2019B2716F}.Debug|Mixed Platforms.Build.0 = Debug|x86
		{58BF2286-4B0B-405A-A426-7F2019B2716F}.Release|Mixed Platforms.ActiveCfg = Release|x86
		{58BF2286-4B0B-405A-A426-7F2019B2716F}.Release|Mixed Platforms.Build.0 = Release|x86
	EndGlobalSection
	GlobalSection(SolutionProperties) = preSolution
		HideSolutionNode = FALSE
	EndGlobalSection
	GlobalSection(NestedProjects) = preSolution
		{170B5B87-4CF3-4427-A57A-097895602D86} = {1EDF017C-921D-450A-91E7-3CB3CC97450B}
		{A9239285-B26E-4DB7-9C16-4FC029E96153} = {170B5B87-4CF3-4427-A57A-097895602D86}
		{B519EB62-68E5-468F-BC4D-C52B824440CF} = {1EDF017C-921D-450A-91E7-3CB3CC97450B}
	EndGlobalSection
	GlobalSection(ExtensibilityGlobals) = postSolution
		SolutionGuid = {64B54583-CFFA-4876-A62B-021968022FE1}
	EndGlobalSection
EndGlobal
